
Microsoft Visual Studio Solution File, Format Version 12.00
# Visual Studio Version 17
VisualStudioVersion = 17.5.002.0
MinimumVisualStudioVersion = 10.0.40219.1
Project("{9A19103F-16F7-4668-BE54-9A1E7A4F7556}") = "test1", "test1.csproj", "{2F0C3507-E38B-48BE-86E3-0F923294C3ED}"
EndProject
Global
	GlobalSection(SolutionConfigurationPlatforms) = preSolution
		Debug|Any CPU = Debug|Any CPU
		Release|Any CPU = Release|Any CPU
	EndGlobalSection
	GlobalSection(ProjectConfigurationPlatforms) = postSolution
		{2F0C3507-E38B-48BE-86E3-0F923294C3ED}.Debug|Any CPU.ActiveCfg = Debug|Any CPU
		{2F0C3507-E38B-48BE-86E3-0F923294C3ED}.Debug|Any CPU.Build.0 = Debug|Any CPU
		{2F0C3507-E38B-48BE-86E3-0F923294C3ED}.Release|Any CPU.ActiveCfg = Release|Any CPU
		{2F0C3507-E38B-48BE-86E3-0F923294C3ED}.Release|Any CPU.Build.0 = Release|Any CPU
	EndGlobalSection
	GlobalSection(SolutionProperties) = preSolution
		HideSolutionNode = FALSE
	EndGlobalSection
	GlobalSection(ExtensibilityGlobals) = postSolution
		SolutionGuid = {C82CA1E2-5981-4584-B18A-F933800F55F9}
	EndGlobalSection
EndGlobal
